// !$*UTF8*$!
{
	archiveVersion = 1;
	classes = {
	};
	objectVersion = 55;
	objects = {

/* Begin PBXBuildFile section */
		8436E3B728A3C38C0038A6C7 /* ArticleViewModel.swift in Sources */ = {isa = PBXBuildFile; fileRef = 8436E3B628A3C38C0038A6C7 /* ArticleViewModel.swift */; };
		8436E3BA28A3DF6D0038A6C7 /* ArticleTableViewCell.swift in Sources */ = {isa = PBXBuildFile; fileRef = 8436E3B928A3DF6D0038A6C7 /* ArticleTableViewCell.swift */; };
		84BED31E28A2BDDE00B21DB7 /* AppDelegate.swift in Sources */ = {isa = PBXBuildFile; fileRef = 84BED31D28A2BDDE00B21DB7 /* AppDelegate.swift */; };
		84BED32028A2BDDE00B21DB7 /* SceneDelegate.swift in Sources */ = {isa = PBXBuildFile; fileRef = 84BED31F28A2BDDE00B21DB7 /* SceneDelegate.swift */; };
		84BED32528A2BDDE00B21DB7 /* Main.storyboard in Resources */ = {isa = PBXBuildFile; fileRef = 84BED32328A2BDDE00B21DB7 /* Main.storyboard */; };
		84BED32728A2BDDF00B21DB7 /* Assets.xcassets in Resources */ = {isa = PBXBuildFile; fileRef = 84BED32628A2BDDF00B21DB7 /* Assets.xcassets */; };
		84BED32A28A2BDDF00B21DB7 /* LaunchScreen.storyboard in Resources */ = {isa = PBXBuildFile; fileRef = 84BED32828A2BDDF00B21DB7 /* LaunchScreen.storyboard */; };
		84BED33328A2C91A00B21DB7 /* NewsListTableViewController.swift in Sources */ = {isa = PBXBuildFile; fileRef = 84BED33228A2C91A00B21DB7 /* NewsListTableViewController.swift */; };
		84BED33628A2E16700B21DB7 /* Webservice.swift in Sources */ = {isa = PBXBuildFile; fileRef = 84BED33528A2E16700B21DB7 /* Webservice.swift */; };
		84CFDA8328A3AB670092F0E2 /* Article.swift in Sources */ = {isa = PBXBuildFile; fileRef = 84CFDA8228A3AB670092F0E2 /* Article.swift */; };
/* End PBXBuildFile section */

/* Begin PBXFileReference section */
		8436E3B628A3C38C0038A6C7 /* ArticleViewModel.swift */ = {isa = PBXFileReference; lastKnownFileType = sourcecode.swift; path = ArticleViewModel.swift; sourceTree = "<group>"; };
		8436E3B928A3DF6D0038A6C7 /* ArticleTableViewCell.swift */ = {isa = PBXFileReference; lastKnownFileType = sourcecode.swift; path = ArticleTableViewCell.swift; sourceTree = "<group>"; };
		84BED31A28A2BDDE00B21DB7 /* News.app */ = {isa = PBXFileReference; explicitFileType = wrapper.application; includeInIndex = 0; path = News.app; sourceTree = BUILT_PRODUCTS_DIR; };
		84BED31D28A2BDDE00B21DB7 /* AppDelegate.swift */ = {isa = PBXFileReference; lastKnownFileType = sourcecode.swift; path = AppDelegate.swift; sourceTree = "<group>"; };
		84BED31F28A2BDDE00B21DB7 /* SceneDelegate.swift */ = {isa = PBXFileReference; lastKnownFileType = sourcecode.swift; path = SceneDelegate.swift; sourceTree = "<group>"; };
		84BED32428A2BDDE00B21DB7 /* Base */ = {isa = PBXFileReference; lastKnownFileType = file.storyboard; name = Base; path = Base.lproj/Main.storyboard; sourceTree = "<group>"; };
		84BED32628A2BDDF00B21DB7 /* Assets.xcassets */ = {isa = PBXFileReference; lastKnownFileType = folder.assetcatalog; path = Assets.xcassets; sourceTree = "<group>"; };
		84BED32928A2BDDF00B21DB7 /* Base */ = {isa = PBXFileReference; lastKnownFileType = file.storyboard; name = Base; path = Base.lproj/LaunchScreen.storyboard; sourceTree = "<group>"; };
		84BED32B28A2BDDF00B21DB7 /* Info.plist */ = {isa = PBXFileReference; lastKnownFileType = text.plist.xml; path = Info.plist; sourceTree = "<group>"; };
		84BED33228A2C91A00B21DB7 /* NewsListTableViewController.swift */ = {isa = PBXFileReference; lastKnownFileType = sourcecode.swift; path = NewsListTableViewController.swift; sourceTree = "<group>"; };
		84BED33528A2E16700B21DB7 /* Webservice.swift */ = {isa = PBXFileReference; lastKnownFileType = sourcecode.swift; path = Webservice.swift; sourceTree = "<group>"; };
		84CFDA8228A3AB670092F0E2 /* Article.swift */ = {isa = PBXFileReference; lastKnownFileType = sourcecode.swift; path = Article.swift; sourceTree = "<group>"; };
/* End PBXFileReference section */

/* Begin PBXFrameworksBuildPhase section */
		84BED31728A2BDDE00B21DB7 /* Frameworks */ = {
			isa = PBXFrameworksBuildPhase;
			buildActionMask = 2147483647;
			files = (
			);
			runOnlyForDeploymentPostprocessing = 0;
		};
/* End PBXFrameworksBuildPhase section */

/* Begin PBXGroup section */
		8436E3B528A3C3730038A6C7 /* View Models */ = {
			isa = PBXGroup;
			children = (
				8436E3B628A3C38C0038A6C7 /* ArticleViewModel.swift */,
			);
			path = "View Models";
			sourceTree = "<group>";
		};
		8436E3B828A3DF510038A6C7 /* Cells */ = {
			isa = PBXGroup;
			children = (
				8436E3B928A3DF6D0038A6C7 /* ArticleTableViewCell.swift */,
			);
			path = Cells;
			sourceTree = "<group>";
		};
		84BED31128A2BDDE00B21DB7 = {
			isa = PBXGroup;
			children = (
				84BED31C28A2BDDE00B21DB7 /* News */,
				84BED31B28A2BDDE00B21DB7 /* Products */,
			);
			sourceTree = "<group>";
		};
		84BED31B28A2BDDE00B21DB7 /* Products */ = {
			isa = PBXGroup;
			children = (
				84BED31A28A2BDDE00B21DB7 /* News.app */,
			);
			name = Products;
			sourceTree = "<group>";
		};
		84BED31C28A2BDDE00B21DB7 /* News */ = {
			isa = PBXGroup;
			children = (
				8436E3B828A3DF510038A6C7 /* Cells */,
				8436E3B528A3C3730038A6C7 /* View Models */,
				84CFDA8128A3AB4E0092F0E2 /* Models */,
				84BED33428A2E13000B21DB7 /* Services */,
				84BED33128A2C8BB00B21DB7 /* Controllers */,
				84BED31D28A2BDDE00B21DB7 /* AppDelegate.swift */,
				84BED31F28A2BDDE00B21DB7 /* SceneDelegate.swift */,
				84BED32328A2BDDE00B21DB7 /* Main.storyboard */,
				84BED32628A2BDDF00B21DB7 /* Assets.xcassets */,
				84BED32828A2BDDF00B21DB7 /* LaunchScreen.storyboard */,
				84BED32B28A2BDDF00B21DB7 /* Info.plist */,
			);
			path = News;
			sourceTree = "<group>";
		};
		84BED33128A2C8BB00B21DB7 /* Controllers */ = {
			isa = PBXGroup;
			children = (
				84BED33228A2C91A00B21DB7 /* NewsListTableViewController.swift */,
			);
			path = Controllers;
			sourceTree = "<group>";
		};
		84BED33428A2E13000B21DB7 /* Services */ = {
			isa = PBXGroup;
			children = (
				84BED33528A2E16700B21DB7 /* Webservice.swift */,
			);
			path = Services;
			sourceTree = "<group>";
		};
		84CFDA8128A3AB4E0092F0E2 /* Models */ = {
			isa = PBXGroup;
			children = (
				84CFDA8228A3AB670092F0E2 /* Article.swift */,
			);
			path = Models;
			sourceTree = "<group>";
		};
/* End PBXGroup section */

/* Begin PBXNativeTarget section */
		84BED31928A2BDDE00B21DB7 /* News */ = {
			isa = PBXNativeTarget;
			buildConfigurationList = 84BED32E28A2BDDF00B21DB7 /* Build configuration list for PBXNativeTarget "News" */;
			buildPhases = (
				84BED31628A2BDDE00B21DB7 /* Sources */,
				84BED31728A2BDDE00B21DB7 /* Frameworks */,
				84BED31828A2BDDE00B21DB7 /* Resources */,
			);
			buildRules = (
			);
			dependencies = (
			);
			name = News;
			productName = News;
			productReference = 84BED31A28A2BDDE00B21DB7 /* News.app */;
			productType = "com.apple.product-type.application";
		};
/* End PBXNativeTarget section */

/* Begin PBXProject section */
		84BED31228A2BDDE00B21DB7 /* Project object */ = {
			isa = PBXProject;
			attributes = {
				BuildIndependentTargetsInParallel = 1;
				LastSwiftUpdateCheck = 1320;
				LastUpgradeCheck = 1320;
				TargetAttributes = {
					84BED31928A2BDDE00B21DB7 = {
						CreatedOnToolsVersion = 13.2.1;
					};
				};
			};
			buildConfigurationList = 84BED31528A2BDDE00B21DB7 /* Build configuration list for PBXProject "News" */;
			compatibilityVersion = "Xcode 13.0";
			developmentRegion = en;
			hasScannedForEncodings = 0;
			knownRegions = (
				en,
				Base,
			);
			mainGroup = 84BED31128A2BDDE00B21DB7;
			productRefGroup = 84BED31B28A2BDDE00B21DB7 /* Products */;
			projectDirPath = "";
			projectRoot = "";
			targets = (
				84BED31928A2BDDE00B21DB7 /* News */,
			);
		};
/* End PBXProject section */

/* Begin PBXResourcesBuildPhase section */
		84BED31828A2BDDE00B21DB7 /* Resources */ = {
			isa = PBXResourcesBuildPhase;
			buildActionMask = 2147483647;
			files = (
				84BED32A28A2BDDF00B21DB7 /* LaunchScreen.storyboard in Resources */,
				84BED32728A2BDDF00B21DB7 /* Assets.xcassets in Resources */,
				84BED32528A2BDDE00B21DB7 /* Main.storyboard in Resources */,
			);
			runOnlyForDeploymentPostprocessing = 0;
		};
/* End PBXResourcesBuildPhase section */

/* Begin PBXSourcesBuildPhase section */
		84BED31628A2BDDE00B21DB7 /* Sources */ = {
			isa = PBXSourcesBuildPhase;
			buildActionMask = 2147483647;
			files = (
				84BED31E28A2BDDE00B21DB7 /* AppDelegate.swift in Sources */,
				84BED33328A2C91A00B21DB7 /* NewsListTableViewController.swift in Sources */,
				84BED33628A2E16700B21DB7 /* Webservice.swift in Sources */,
				8436E3B728A3C38C0038A6C7 /* ArticleViewModel.swift in Sources */,
				84BED32028A2BDDE00B21DB7 /* SceneDelegate.swift in Sources */,
				8436E3BA28A3DF6D0038A6C7 /* ArticleTableViewCell.swift in Sources */,
				84CFDA8328A3AB670092F0E2 /* Article.swift in Sources */,
			);
			runOnlyForDeploymentPostprocessing = 0;
		};
/* End PBXSourcesBuildPhase section */

/* Begin PBXVariantGroup section */
		84BED32328A2BDDE00B21DB7 /* Main.storyboard */ = {
			isa = PBXVariantGroup;
			children = (
				84BED32428A2BDDE00B21DB7 /* Base */,
			);
			name = Main.storyboard;
			sourceTree = "<group>";
		};
		84BED32828A2BDDF00B21DB7 /* LaunchScreen.storyboard */ = {
			isa = PBXVariantGroup;
			children = (
				84BED32928A2BDDF00B21DB7 /* Base */,
			);
			name = LaunchScreen.storyboard;
			sourceTree = "<group>";
		};
/* End PBXVariantGroup section */

/* Begin XCBuildConfiguration section */
		84BED32C28A2BDDF00B21DB7 /* Debug */ = {
			isa = XCBuildConfiguration;
			buildSettings = {
				ALWAYS_SEARCH_USER_PATHS = NO;
				CLANG_ANALYZER_NONNULL = YES;
				CLANG_ANALYZER_NUMBER_OBJECT_CONVERSION = YES_AGGRESSIVE;
				CLANG_CXX_LANGUAGE_STANDARD = "gnu++17";
				CLANG_CXX_LIBRARY = "libc++";
				CLANG_ENABLE_MODULES = YES;
				CLANG_ENABLE_OBJC_ARC = YES;
				CLANG_ENABLE_OBJC_WEAK = YES;
				CLANG_WARN_BLOCK_CAPTURE_AUTORELEASING = YES;
				CLANG_WARN_BOOL_CONVERSION = YES;
				CLANG_WARN_COMMA = YES;
				CLANG_WARN_CONSTANT_CONVERSION = YES;
				CLANG_WARN_DEPRECATED_OBJC_IMPLEMENTATIONS = YES;
				CLANG_WARN_DIRECT_OBJC_ISA_USAGE = YES_ERROR;
				CLANG_WARN_DOCUMENTATION_COMMENTS = YES;
				CLANG_WARN_EMPTY_BODY = YES;
				CLANG_WARN_ENUM_CONVERSION = YES;
				CLANG_WARN_INFINITE_RECURSION = YES;
				CLANG_WARN_INT_CONVERSION = YES;
				CLANG_WARN_NON_LITERAL_NULL_CONVERSION = YES;
				CLANG_WARN_OBJC_IMPLICIT_RETAIN_SELF = YES;
				CLANG_WARN_OBJC_LITERAL_CONVERSION = YES;
				CLANG_WARN_OBJC_ROOT_CLASS = YES_ERROR;
				CLANG_WARN_QUOTED_INCLUDE_IN_FRAMEWORK_HEADER = YES;
				CLANG_WARN_RANGE_LOOP_ANALYSIS = YES;
				CLANG_WARN_STRICT_PROTOTYPES = YES;
				CLANG_WARN_SUSPICIOUS_MOVE = YES;
				CLANG_WARN_UNGUARDED_AVAILABILITY = YES_AGGRESSIVE;
				CLANG_WARN_UNREACHABLE_CODE = YES;
				CLANG_WARN__DUPLICATE_METHOD_MATCH = YES;
				COPY_PHASE_STRIP = NO;
				DEBUG_INFORMATION_FORMAT = dwarf;
				ENABLE_STRICT_OBJC_MSGSEND = YES;
				ENABLE_TESTABILITY = YES;
				GCC_C_LANGUAGE_STANDARD = gnu11;
				GCC_DYNAMIC_NO_PIC = NO;
				GCC_NO_COMMON_BLOCKS = YES;
				GCC_OPTIMIZATION_LEVEL = 0;
				GCC_PREPROCESSOR_DEFINITIONS = (
					"DEBUG=1",
					"$(inherited)",
				);
				GCC_WARN_64_TO_32_BIT_CONVERSION = YES;
				GCC_WARN_ABOUT_RETURN_TYPE = YES_ERROR;
				GCC_WARN_UNDECLARED_SELECTOR = YES;
				GCC_WARN_UNINITIALIZED_AUTOS = YES_AGGRESSIVE;
				GCC_WARN_UNUSED_FUNCTION = YES;
				GCC_WARN_UNUSED_VARIABLE = YES;
				IPHONEOS_DEPLOYMENT_TARGET = 15.2;
				MTL_ENABLE_DEBUG_INFO = INCLUDE_SOURCE;
				MTL_FAST_MATH = YES;
				ONLY_ACTIVE_ARCH = YES;
				SDKROOT = iphoneos;
				SWIFT_ACTIVE_COMPILATION_CONDITIONS = DEBUG;
				SWIFT_OPTIMIZATION_LEVEL = "-Onone";
			};
			name = Debug;
		};
		84BED32D28A2BDDF00B21DB7 /* Release */ = {
			isa = XCBuildConfiguration;
			buildSettings = {
				ALWAYS_SEARCH_USER_PATHS = NO;
				CLANG_ANALYZER_NONNULL = YES;
				CLANG_ANALYZER_NUMBER_OBJECT_CONVERSION = YES_AGGRESSIVE;
				CLANG_CXX_LANGUAGE_STANDARD = "gnu++17";
				CLANG_CXX_LIBRARY = "libc++";
				CLANG_ENABLE_MODULES = YES;
				CLANG_ENABLE_OBJC_ARC = YES;
				CLANG_ENABLE_OBJC_WEAK = YES;
				CLANG_WARN_BLOCK_CAPTURE_AUTORELEASING = YES;
				CLANG_WARN_BOOL_CONVERSION = YES;
				CLANG_WARN_COMMA = YES;
				CLANG_WARN_CONSTANT_CONVERSION = YES;
				CLANG_WARN_DEPRECATED_OBJC_IMPLEMENTATIONS = YES;
				CLANG_WARN_DIRECT_OBJC_ISA_USAGE = YES_ERROR;
				CLANG_WARN_DOCUMENTATION_COMMENTS = YES;
				CLANG_WARN_EMPTY_BODY = YES;
				CLANG_WARN_ENUM_CONVERSION = YES;
				CLANG_WARN_INFINITE_RECURSION = YES;
				CLANG_WARN_INT_CONVERSION = YES;
				CLANG_WARN_NON_LITERAL_NULL_CONVERSION = YES;
				CLANG_WARN_OBJC_IMPLICIT_RETAIN_SELF = YES;
				CLANG_WARN_OBJC_LITERAL_CONVERSION = YES;
				CLANG_WARN_OBJC_ROOT_CLASS = YES_ERROR;
				CLANG_WARN_QUOTED_INCLUDE_IN_FRAMEWORK_HEADER = YES;
				CLANG_WARN_RANGE_LOOP_ANALYSIS = YES;
				CLANG_WARN_STRICT_PROTOTYPES = YES;
				CLANG_WARN_SUSPICIOUS_MOVE = YES;
				CLANG_WARN_UNGUARDED_AVAILABILITY = YES_AGGRESSIVE;
				CLANG_WARN_UNREACHABLE_CODE = YES;
				CLANG_WARN__DUPLICATE_METHOD_MATCH = YES;
				COPY_PHASE_STRIP = NO;
				DEBUG_INFORMATION_FORMAT = "dwarf-with-dsym";
				ENABLE_NS_ASSERTIONS = NO;
				ENABLE_STRICT_OBJC_MSGSEND = YES;
				GCC_C_LANGUAGE_STANDARD = gnu11;
				GCC_NO_COMMON_BLOCKS = YES;
				GCC_WARN_64_TO_32_BIT_CONVERSION = YES;
				GCC_WARN_ABOUT_RETURN_TYPE = YES_ERROR;
				GCC_WARN_UNDECLARED_SELECTOR = YES;
				GCC_WARN_UNINITIALIZED_AUTOS = YES_AGGRESSIVE;
				GCC_WARN_UNUSED_FUNCTION = YES;
				GCC_WARN_UNUSED_VARIABLE = YES;
				IPHONEOS_DEPLOYMENT_TARGET = 15.2;
				MTL_ENABLE_DEBUG_INFO = NO;
				MTL_FAST_MATH = YES;
				SDKROOT = iphoneos;
				SWIFT_COMPILATION_MODE = wholemodule;
				SWIFT_OPTIMIZATION_LEVEL = "-O";
				VALIDATE_PRODUCT = YES;
			};
			name = Release;
		};
		84BED32F28A2BDDF00B21DB7 /* Debug */ = {
			isa = XCBuildConfiguration;
			buildSettings = {
				ASSETCATALOG_COMPILER_APPICON_NAME = AppIcon;
				ASSETCATALOG_COMPILER_GLOBAL_ACCENT_COLOR_NAME = AccentColor;
				CODE_SIGN_STYLE = Automatic;
				CURRENT_PROJECT_VERSION = 1;
				DEVELOPMENT_TEAM = CUDH43SW7U;
				GENERATE_INFOPLIST_FILE = YES;
				INFOPLIST_FILE = News/Info.plist;
				INFOPLIST_KEY_UIApplicationSupportsIndirectInputEvents = YES;
				INFOPLIST_KEY_UILaunchStoryboardName = LaunchScreen;
				INFOPLIST_KEY_UIMainStoryboardFile = Main;
				INFOPLIST_KEY_UISupportedInterfaceOrientations = UIInterfaceOrientationPortrait;
				INFOPLIST_KEY_UISupportedInterfaceOrientations_iPad = "UIInterfaceOrientationPortrait UIInterfaceOrientationPortraitUpsideDown UIInterfaceOrientationLandscapeLeft UIInterfaceOrientationLandscapeRight";
				INFOPLIST_KEY_UISupportedInterfaceOrientations_iPhone = "UIInterfaceOrientationPortrait UIInterfaceOrientationLandscapeLeft UIInterfaceOrientationLandscapeRight";
				LD_RUNPATH_SEARCH_PATHS = (
					"$(inherited)",
					"@executable_path/Frameworks",
				);
				MARKETING_VERSION = 0.1.0;
				PRODUCT_BUNDLE_IDENTIFIER = com.mfkdev.News;
				PRODUCT_NAME = "$(TARGET_NAME)";
				SWIFT_EMIT_LOC_STRINGS = YES;
				SWIFT_VERSION = 5.0;
				TARGETED_DEVICE_FAMILY = 1;
			};
			name = Debug;
		};
		84BED33028A2BDDF00B21DB7 /* Release */ = {
			isa = XCBuildConfiguration;
			buildSettings = {
				ASSETCATALOG_COMPILER_APPICON_NAME = AppIcon;
				ASSETCATALOG_COMPILER_GLOBAL_ACCENT_COLOR_NAME = AccentColor;
				CODE_SIGN_STYLE = Automatic;
				CURRENT_PROJECT_VERSION = 1;
				DEVELOPMENT_TEAM = CUDH43SW7U;
				GENERATE_INFOPLIST_FILE = YES;
				INFOPLIST_FILE = News/Info.plist;
				INFOPLIST_KEY_UIApplicationSupportsIndirectInputEvents = YES;
				INFOPLIST_KEY_UILaunchStoryboardName = LaunchScreen;
				INFOPLIST_KEY_UIMainStoryboardFile = Main;
				INFOPLIST_KEY_UISupportedInterfaceOrientations = UIInterfaceOrientationPortrait;
				INFOPLIST_KEY_UISupportedInterfaceOrientations_iPad = "UIInterfaceOrientationPortrait UIInterfaceOrientationPortraitUpsideDown UIInterfaceOrientationLandscapeLeft UIInterfaceOrientationLandscapeRight";
				INFOPLIST_KEY_UISupportedInterfaceOrientations_iPhone = "UIInterfaceOrientationPortrait UIInterfaceOrientationLandscapeLeft UIInterfaceOrientationLandscapeRight";
				LD_RUNPATH_SEARCH_PATHS = (
					"$(inherited)",
					"@executable_path/Frameworks",
				);
				MARKETING_VERSION = 0.1.0;
				PRODUCT_BUNDLE_IDENTIFIER = com.mfkdev.News;
				PRODUCT_NAME = "$(TARGET_NAME)";
				SWIFT_EMIT_LOC_STRINGS = YES;
				SWIFT_VERSION = 5.0;
				TARGETED_DEVICE_FAMILY = 1;
			};
			name = Release;
		};
/* End XCBuildConfiguration section */

/* Begin XCConfigurationList section */
		84BED31528A2BDDE00B21DB7 /* Build configuration list for PBXProject "News" */ = {
			isa = XCConfigurationList;
			buildConfigurations = (
				84BED32C28A2BDDF00B21DB7 /* Debug */,
				84BED32D28A2BDDF00B21DB7 /* Release */,
			);
			defaultConfigurationIsVisible = 0;
			defaultConfigurationName = Release;
		};
		84BED32E28A2BDDF00B21DB7 /* Build configuration list for PBXNativeTarget "News" */ = {
			isa = XCConfigurationList;
			buildConfigurations = (
				84BED32F28A2BDDF00B21DB7 /* Debug */,
				84BED33028A2BDDF00B21DB7 /* Release */,
			);
			defaultConfigurationIsVisible = 0;
			defaultConfigurationName = Release;
		};
/* End XCConfigurationList section */
	};
	rootObject = 84BED31228A2BDDE00B21DB7 /* Project object */;
}
